version = 1
revision = 3
requires-python = "==3.8.*"

[[package]]
name = "ansible-core"
version = "2.13.7"
source = { registry = "https://pypi.org/simple" }
dependencies = [
    { name = "cryptography" },
    { name = "jinja2" },
    { name = "packaging" },
    { name = "pyyaml" },
    { name = "resolvelib" },
]
sdist = { url = "https://files.pythonhosted.org/packages/68/c9/ddab83ed69c3ce120af4f064bc56976442e4d1d595a787131e4b14cf6468/ansible-core-2.13.7.tar.gz", hash = "sha256:a9d5f942ff0dcbeec3d7183a898ea4f656d233d6055d4bc8e22e37b013b1881a", size = 13940230, upload-time = "2022-12-05T16:47:25.082Z" }
wheels = [
    { url = "https://files.pythonhosted.org/packages/4f/f6/c4365655d62f6688b52e250316ffbd6beabeccdcd91d08d51bf9066c8dd6/ansible_core-2.13.7-py3-none-any.whl", hash = "sha256:6005c24e45ff59497a7fe24411825fcba862585bc6bde83d6d48242c97042aba", size = 2076604, upload-time = "2022-12-05T16:47:19.463Z" },
]

[[package]]
name = "ansible-network-automation"
version = "0.1.0"
source = { virtual = "." }
dependencies = [
    { name = "ansible-core" },
    { name = "ansible-pylibssh" },
    { name = "jinja2" },
    { name = "paramiko" },
]

[package.metadata]
requires-dist = [
    { name = "ansible-core", specifier = "==2.13.7" },
    { name = "ansible-pylibssh", specifier = ">=1.2.2,<1.4.0" },
    { name = "jinja2", specifier = "<3.1" },
    { name = "paramiko", specifier = "==2.12.0" },
]

[[package]]
name = "ansible-pylibssh"
version = "1.2.2"
source = { registry = "https://pypi.org/simple" }
sdist = { url = "https://files.pythonhosted.org/packages/93/50/38298568fbd517dcb7b08c06f4fbfc0481ab9eae1e4b01920495dacf672a/ansible-pylibssh-1.2.2.tar.gz", hash = "sha256:753e570dcdceb6ab8e362e91cc0d5993beebc93d287b88178db55509f6423ab5", size = 135490, upload-time = "2024-06-27T17:45:14.926Z" }
wheels = [
    { url = "https://files.pythonhosted.org/packages/38/66/e16d0c4fc15e6baf2e506a961748e831f6d7f45fab39917a7fd93fb1a8bd/ansible_pylibssh-1.2.2-cp38-cp38-macosx_10_9_x86_64.whl", hash = "sha256:62a1cf2341f2fcbe3dba6c67e16a2ca11afe7e02a325f474b67d637b1fe5257e", size = 2294692, upload-time = "2024-06-27T17:43:57.112Z" },
    { url = "https://files.pythonhosted.org/packages/88/13/c7af02fd96c56fc8aa8f294d4bd64b05281c3049581f67364df37d84de05/ansible_pylibssh-1.2.2-cp38-cp38-manylinux_2_12_x86_64.manylinux2010_x86_64.whl", hash = "sha256:bbc3bc2ba8238274234b921d2ff2e219d163d1e8b7446e4a246f9e9b57c2d32f", size = 2792078, upload-time = "2024-06-27T17:43:59.419Z" },
    { url = "https://files.pythonhosted.org/packages/c4/f3/c4e5dc683937805aa07704e400aa0b7ec0e9b49c3cdb0dc3548c49b570b1/ansible_pylibssh-1.2.2-cp38-cp38-manylinux_2_17_aarch64.manylinux2014_aarch64.whl", hash = "sha256:418fcec1c0cb3416729f44ba8b32bb75ded2b0cb5b1b042b9ec64ac579472c6d", size = 2683401, upload-time = "2024-06-27T17:44:01.771Z" },
    { url = "https://files.pythonhosted.org/packages/06/5a/d0b3b8a77268df623d9752d6dada8b998dacfc7ad4439192ace860602adf/ansible_pylibssh-1.2.2-cp38-cp38-manylinux_2_17_ppc64le.manylinux2014_ppc64le.whl", hash = "sha256:34c2919ccf5c87d7e5dc0c448e545198540846e6da21b37c5a7486d13d5aad83", size = 2980909, upload-time = "2024-06-27T17:44:04.313Z" },
    { url = "https://files.pythonhosted.org/packages/88/21/c6f81b85c5735c61a189f13460a60d642fee4bd5e2cf3a2930fa871a5dfe/ansible_pylibssh-1.2.2-cp38-cp38-manylinux_2_17_s390x.manylinux2014_s390x.whl", hash = "sha256:87f3525793559192520890186e6545bf6b1f2152cf92d17168e4c47c79861421", size = 2652812, upload-time = "2024-06-27T17:44:06.781Z" },
    { url = "https://files.pythonhosted.org/packages/6a/78/6be2d3377a88a494fb322b962abed97df97a087983efe214dfb3fdcd6352/ansible_pylibssh-1.2.2-cp38-cp38-manylinux_2_17_x86_64.manylinux2014_x86_64.whl", hash = "sha256:1965fa205ecd291a397c4833f37428d03cc4902976570bc77d61a3a4a90d9c70", size = 2786510, upload-time = "2024-06-27T17:44:09.029Z" },
    { url = "https://files.pythonhosted.org/packages/e4/11/33a1e143cddb32162cb2aa14619eec5fd65575007d0cddb1f6fc9a05ca38/ansible_pylibssh-1.2.2-cp38-cp38-manylinux_2_24_aarch64.whl", hash = "sha256:5a4b11e561b6748fa44c0885c5d994672fbf014db7b08654d929e2981f188687", size = 2347459, upload-time = "2024-06-27T17:44:13.886Z" },
    { url = "https://files.pythonhosted.org/packages/41/e9/276916843da70c2fbbd9619634b94f0662edfb47ad1f87263e6837a0dfb7/ansible_pylibssh-1.2.2-cp38-cp38-manylinux_2_24_ppc64le.whl", hash = "sha256:d4a3e75a5db1361d44461c46d28c31a750716bf5cad2617a324f6415d4e5e43e", size = 2517714, upload-time = "2024-06-27T17:44:16.169Z" },
    { url = "https://files.pythonhosted.org/packages/2b/aa/370191f885bd2d4c13bc7a47246f9080ccbdc39b8a4b584dbd4ad870505e/ansible_pylibssh-1.2.2-cp38-cp38-manylinux_2_24_s390x.whl", hash = "sha256:d546900bf64470a1818e23d38a182177e496f455f5552b8862deb683328e21c4", size = 2441614, upload-time = "2024-06-27T17:44:18.495Z" },
    { url = "https://files.pythonhosted.org/packages/96/19/e9003e12d0f8332054f052c6f77bdc18f10cd3ffc1788352db0a0aa73987/ansible_pylibssh-1.2.2-cp38-cp38-manylinux_2_24_x86_64.whl", hash = "sha256:dba4a5c1fb0a3c42081ec8324f59e3be96edc217faa9d5ede05c4b4fa663bfd1", size = 2584357, upload-time = "2024-06-27T17:44:20.788Z" },
    { url = "https://files.pythonhosted.org/packages/43/ec/437635b8619062ac9d3fe40281137e09085a717593fe39988c37d654820d/ansible_pylibssh-1.2.2-cp38-cp38-manylinux_2_28_aarch64.whl", hash = "sha256:6f0ea3d4c0b7c3fc0a15933589351f50900cd862e153fd0ce7230309cc674bfe", size = 2687412, upload-time = "2024-06-27T17:44:23.021Z" },
    { url = "https://files.pythonhosted.org/packages/c7/3e/79030a947bbff8d87512014a511e1825bcd2a33aefae0fa6da7d16f06261/ansible_pylibssh-1.2.2-cp38-cp38-manylinux_2_28_ppc64le.whl", hash = "sha256:ac54d54a9d9e6fd2394974669aa6432a161e723caece4e6228ab7795ce5a1c4e", size = 3001540, upload-time = "2024-06-27T17:44:25.493Z" },
    { url = "https://files.pythonhosted.org/packages/99/bd/88c6f1749b87bc39359931a92b7586909303c65eb1c85a428f01325acc59/ansible_pylibssh-1.2.2-cp38-cp38-manylinux_2_28_s390x.whl", hash = "sha256:3d3eed41ee77f55faf21af14204514bcf8a6aec4322272b6d3f2c377373a6493", size = 2685451, upload-time = "2024-06-27T17:44:28.054Z" },
    { url = "https://files.pythonhosted.org/packages/78/61/3201822f6bb77cca3763b7fae1ef27690dc36f883bb48476319ab14a956a/ansible_pylibssh-1.2.2-cp38-cp38-manylinux_2_28_x86_64.whl", hash = "sha256:21a621dbe2f6d6f25630ac0711ab8c2eabac316dbe5f9dd46ab6064df4ae1f69", size = 2807039, upload-time = "2024-06-27T17:44:30.317Z" },
    { url = "https://files.pythonhosted.org/packages/ec/49/d4d32f088f0e3d8d4d51826a588bbdf9856426f9f2905890ca67be8950f9/ansible_pylibssh-1.2.2-cp38-cp38-manylinux_2_5_x86_64.manylinux1_x86_64.whl", hash = "sha256:72309aabead335913575b2ab248ada7d0d42fca42583010d84c556eef08c01d3", size = 2522937, upload-time = "2024-06-27T17:44:33.317Z" },
]

[[package]]
name = "bcrypt"
version = "5.0.0"
source = { registry = "https://pypi.org/simple" }
sdist = { url = "https://files.pythonhosted.org/packages/d4/36/3329e2518d70ad8e2e5817d5a4cac6bba05a47767ec416c7d020a965f408/bcrypt-5.0.0.tar.gz", hash = "sha256:f748f7c2d6fd375cc93d3fba7ef4a9e3a092421b8dbf34d8d4dc06be9492dfdd", size = 25386, upload-time = "2025-09-25T19:50:47.829Z" }
wheels = [
    { url = "https://files.pythonhosted.org/packages/84/29/6237f151fbfe295fe3e074ecc6d44228faa1e842a81f6d34a02937ee1736/bcrypt-5.0.0-cp38-abi3-macosx_10_12_universal2.whl", hash = "sha256:fc746432b951e92b58317af8e0ca746efe93e66555f1b40888865ef5bf56446b", size = 494553, upload-time = "2025-09-25T19:49:49.006Z" },
    { url = "https://files.pythonhosted.org/packages/45/b6/4c1205dde5e464ea3bd88e8742e19f899c16fa8916fb8510a851fae985b5/bcrypt-5.0.0-cp38-abi3-manylinux2014_aarch64.manylinux_2_17_aarch64.whl", hash = "sha256:c2388ca94ffee269b6038d48747f4ce8df0ffbea43f31abfa18ac72f0218effb", size = 275009, upload-time = "2025-09-25T19:49:50.581Z" },
    { url = "https://files.pythonhosted.org/packages/3b/71/427945e6ead72ccffe77894b2655b695ccf14ae1866cd977e185d606dd2f/bcrypt-5.0.0-cp38-abi3-manylinux2014_x86_64.manylinux_2_17_x86_64.whl", hash = "sha256:560ddb6ec730386e7b3b26b8b4c88197aaed924430e7b74666a586ac997249ef", size = 278029, upload-time = "2025-09-25T19:49:52.533Z" },
    { url = "https://files.pythonhosted.org/packages/17/72/c344825e3b83c5389a369c8a8e58ffe1480b8a699f46c127c34580c4666b/bcrypt-5.0.0-cp38-abi3-manylinux_2_28_aarch64.whl", hash = "sha256:d79e5c65dcc9af213594d6f7f1fa2c98ad3fc10431e7aa53c176b441943efbdd", size = 275907, upload-time = "2025-09-25T19:49:54.709Z" },
    { url = "https://files.pythonhosted.org/packages/0b/7e/d4e47d2df1641a36d1212e5c0514f5291e1a956a7749f1e595c07a972038/bcrypt-5.0.0-cp38-abi3-manylinux_2_28_armv7l.manylinux_2_31_armv7l.whl", hash = "sha256:2b732e7d388fa22d48920baa267ba5d97cca38070b69c0e2d37087b381c681fd", size = 296500, upload-time = "2025-09-25T19:49:56.013Z" },
    { url = "https://files.pythonhosted.org/packages/0f/c3/0ae57a68be2039287ec28bc463b82e4b8dc23f9d12c0be331f4782e19108/bcrypt-5.0.0-cp38-abi3-manylinux_2_28_x86_64.whl", hash = "sha256:0c8e093ea2532601a6f686edbc2c6b2ec24131ff5c52f7610dd64fa4553b5464", size = 278412, upload-time = "2025-09-25T19:49:57.356Z" },
    { url = "https://files.pythonhosted.org/packages/45/2b/77424511adb11e6a99e3a00dcc7745034bee89036ad7d7e255a7e47be7d8/bcrypt-5.0.0-cp38-abi3-manylinux_2_34_aarch64.whl", hash = "sha256:5b1589f4839a0899c146e8892efe320c0fa096568abd9b95593efac50a87cb75", size = 275486, upload-time = "2025-09-25T19:49:59.116Z" },
    { url = "https://files.pythonhosted.org/packages/43/0a/405c753f6158e0f3f14b00b462d8bca31296f7ecfc8fc8bc7919c0c7d73a/bcrypt-5.0.0-cp38-abi3-manylinux_2_34_x86_64.whl", hash = "sha256:89042e61b5e808b67daf24a434d89bab164d4de1746b37a8d173b6b14f3db9ff", size = 277940, upload-time = "2025-09-25T19:50:00.869Z" },
    { url = "https://files.pythonhosted.org/packages/62/83/b3efc285d4aadc1fa83db385ec64dcfa1707e890eb42f03b127d66ac1b7b/bcrypt-5.0.0-cp38-abi3-musllinux_1_1_aarch64.whl", hash = "sha256:e3cf5b2560c7b5a142286f69bde914494b6d8f901aaa71e453078388a50881c4", size = 310776, upload-time = "2025-09-25T19:50:02.393Z" },
    { url = "https://files.pythonhosted.org/packages/95/7d/47ee337dacecde6d234890fe929936cb03ebc4c3a7460854bbd9c97780b8/bcrypt-5.0.0-cp38-abi3-musllinux_1_1_x86_64.whl", hash = "sha256:f632fd56fc4e61564f78b46a2269153122db34988e78b6be8b32d28507b7eaeb", size = 312922, upload-time = "2025-09-25T19:50:04.232Z" },
    { url = "https://files.pythonhosted.org/packages/d6/3a/43d494dfb728f55f4e1cf8fd435d50c16a2d75493225b54c8d06122523c6/bcrypt-5.0.0-cp38-abi3-musllinux_1_2_aarch64.whl", hash = "sha256:801cad5ccb6b87d1b430f183269b94c24f248dddbbc5c1f78b6ed231743e001c", size = 341367, upload-time = "2025-09-25T19:50:05.559Z" },
    { url = "https://files.pythonhosted.org/packages/55/ab/a0727a4547e383e2e22a630e0f908113db37904f58719dc48d4622139b5c/bcrypt-5.0.0-cp38-abi3-musllinux_1_2_x86_64.whl", hash = "sha256:3cf67a804fc66fc217e6914a5635000259fbbbb12e78a99488e4d5ba445a71eb", size = 359187, upload-time = "2025-09-25T19:50:06.916Z" },
    { url = "https://files.pythonhosted.org/packages/1b/bb/461f352fdca663524b4643d8b09e8435b4990f17fbf4fea6bc2a90aa0cc7/bcrypt-5.0.0-cp38-abi3-win32.whl", hash = "sha256:3abeb543874b2c0524ff40c57a4e14e5d3a66ff33fb423529c88f180fd756538", size = 153752, upload-time = "2025-09-25T19:50:08.515Z" },
    { url = "https://files.pythonhosted.org/packages/41/aa/4190e60921927b7056820291f56fc57d00d04757c8b316b2d3c0d1d6da2c/bcrypt-5.0.0-cp38-abi3-win_amd64.whl", hash = "sha256:35a77ec55b541e5e583eb3436ffbbf53b0ffa1fa16ca6782279daf95d146dcd9", size = 150881, upload-time = "2025-09-25T19:50:09.742Z" },
    { url = "https://files.pythonhosted.org/packages/54/12/cd77221719d0b39ac0b55dbd39358db1cd1246e0282e104366ebbfb8266a/bcrypt-5.0.0-cp38-abi3-win_arm64.whl", hash = "sha256:cde08734f12c6a4e28dc6755cd11d3bdfea608d93d958fffbe95a7026ebe4980", size = 144931, upload-time = "2025-09-25T19:50:11.016Z" },
    { url = "https://files.pythonhosted.org/packages/5d/ba/2af136406e1c3839aea9ecadc2f6be2bcd1eff255bd451dd39bcf302c47a/bcrypt-5.0.0-cp39-abi3-macosx_10_12_universal2.whl", hash = "sha256:0c418ca99fd47e9c59a301744d63328f17798b5947b0f791e9af3c1c499c2d0a", size = 495313, upload-time = "2025-09-25T19:50:12.309Z" },
    { url = "https://files.pythonhosted.org/packages/ac/ee/2f4985dbad090ace5ad1f7dd8ff94477fe089b5fab2040bd784a3d5f187b/bcrypt-5.0.0-cp39-abi3-manylinux2014_aarch64.manylinux_2_17_aarch64.whl", hash = "sha256:ddb4e1500f6efdd402218ffe34d040a1196c072e07929b9820f363a1fd1f4191", size = 275290, upload-time = "2025-09-25T19:50:13.673Z" },
    { url = "https://files.pythonhosted.org/packages/e4/6e/b77ade812672d15cf50842e167eead80ac3514f3beacac8902915417f8b7/bcrypt-5.0.0-cp39-abi3-manylinux2014_x86_64.manylinux_2_17_x86_64.whl", hash = "sha256:7aeef54b60ceddb6f30ee3db090351ecf0d40ec6e2abf41430997407a46d2254", size = 278253, upload-time = "2025-09-25T19:50:15.089Z" },
    { url = "https://files.pythonhosted.org/packages/36/c4/ed00ed32f1040f7990dac7115f82273e3c03da1e1a1587a778d8cea496d8/bcrypt-5.0.0-cp39-abi3-manylinux_2_28_aarch64.whl", hash = "sha256:f0ce778135f60799d89c9693b9b398819d15f1921ba15fe719acb3178215a7db", size = 276084, upload-time = "2025-09-25T19:50:16.699Z" },
    { url = "https://files.pythonhosted.org/packages/e7/c4/fa6e16145e145e87f1fa351bbd54b429354fd72145cd3d4e0c5157cf4c70/bcrypt-5.0.0-cp39-abi3-manylinux_2_28_armv7l.manylinux_2_31_armv7l.whl", hash = "sha256:a71f70ee269671460b37a449f5ff26982a6f2ba493b3eabdd687b4bf35f875ac", size = 297185, upload-time = "2025-09-25T19:50:18.525Z" },
    { url = "https://files.pythonhosted.org/packages/24/b4/11f8a31d8b67cca3371e046db49baa7c0594d71eb40ac8121e2fc0888db0/bcrypt-5.0.0-cp39-abi3-manylinux_2_28_x86_64.whl", hash = "sha256:f8429e1c410b4073944f03bd778a9e066e7fad723564a52ff91841d278dfc822", size = 278656, upload-time = "2025-09-25T19:50:19.809Z" },
    { url = "https://files.pythonhosted.org/packages/ac/31/79f11865f8078e192847d2cb526e3fa27c200933c982c5b2869720fa5fce/bcrypt-5.0.0-cp39-abi3-manylinux_2_34_aarch64.whl", hash = "sha256:edfcdcedd0d0f05850c52ba3127b1fce70b9f89e0fe5ff16517df7e81fa3cbb8", size = 275662, upload-time = "2025-09-25T19:50:21.567Z" },
    { url = "https://files.pythonhosted.org/packages/d4/8d/5e43d9584b3b3591a6f9b68f755a4da879a59712981ef5ad2a0ac1379f7a/bcrypt-5.0.0-cp39-abi3-manylinux_2_34_x86_64.whl", hash = "sha256:611f0a17aa4a25a69362dcc299fda5c8a3d4f160e2abb3831041feb77393a14a", size = 278240, upload-time = "2025-09-25T19:50:23.305Z" },
    { url = "https://files.pythonhosted.org/packages/89/48/44590e3fc158620f680a978aafe8f87a4c4320da81ed11552f0323aa9a57/bcrypt-5.0.0-cp39-abi3-musllinux_1_1_aarch64.whl", hash = "sha256:db99dca3b1fdc3db87d7c57eac0c82281242d1eabf19dcb8a6b10eb29a2e72d1", size = 311152, upload-time = "2025-09-25T19:50:24.597Z" },
    { url = "https://files.pythonhosted.org/packages/5f/85/e4fbfc46f14f47b0d20493669a625da5827d07e8a88ee460af6cd9768b44/bcrypt-5.0.0-cp39-abi3-musllinux_1_1_x86_64.whl", hash = "sha256:5feebf85a9cefda32966d8171f5db7e3ba964b77fdfe31919622256f80f9cf42", size = 313284, upload-time = "2025-09-25T19:50:26.268Z" },
    { url = "https://files.pythonhosted.org/packages/25/ae/479f81d3f4594456a01ea2f05b132a519eff9ab5768a70430fa1132384b1/bcrypt-5.0.0-cp39-abi3-musllinux_1_2_aarch64.whl", hash = "sha256:3ca8a166b1140436e058298a34d88032ab62f15aae1c598580333dc21d27ef10", size = 341643, upload-time = "2025-09-25T19:50:28.02Z" },
    { url = "https://files.pythonhosted.org/packages/df/d2/36a086dee1473b14276cd6ea7f61aef3b2648710b5d7f1c9e032c29b859f/bcrypt-5.0.0-cp39-abi3-musllinux_1_2_x86_64.whl", hash = "sha256:61afc381250c3182d9078551e3ac3a41da14154fbff647ddf52a769f588c4172", size = 359698, upload-time = "2025-09-25T19:50:31.347Z" },
    { url = "https://files.pythonhosted.org/packages/c0/f6/688d2cd64bfd0b14d805ddb8a565e11ca1fb0fd6817175d58b10052b6d88/bcrypt-5.0.0-cp39-abi3-win32.whl", hash = "sha256:64d7ce196203e468c457c37ec22390f1a61c85c6f0b8160fd752940ccfb3a683", size = 153725, upload-time = "2025-09-25T19:50:34.384Z" },
    { url = "https://files.pythonhosted.org/packages/9f/b9/9d9a641194a730bda138b3dfe53f584d61c58cd5230e37566e83ec2ffa0d/bcrypt-5.0.0-cp39-abi3-win_amd64.whl", hash = "sha256:64ee8434b0da054d830fa8e89e1c8bf30061d539044a39524ff7dec90481e5c2", size = 150912, upload-time = "2025-09-25T19:50:35.69Z" },
    { url = "https://files.pythonhosted.org/packages/27/44/d2ef5e87509158ad2187f4dd0852df80695bb1ee0cfe0a684727b01a69e0/bcrypt-5.0.0-cp39-abi3-win_arm64.whl", hash = "sha256:f2347d3534e76bf50bca5500989d6c1d05ed64b440408057a37673282c654927", size = 144953, upload-time = "2025-09-25T19:50:37.32Z" },
]

[[package]]
name = "cffi"
version = "1.17.1"
source = { registry = "https://pypi.org/simple" }
dependencies = [
    { name = "pycparser" },
]
sdist = { url = "https://files.pythonhosted.org/packages/fc/97/c783634659c2920c3fc70419e3af40972dbaf758daa229a7d6ea6135c90d/cffi-1.17.1.tar.gz", hash = "sha256:1c39c6016c32bc48dd54561950ebd6836e1670f2ae46128f67cf49e789c52824", size = 516621, upload-time = "2024-09-04T20:45:21.852Z" }
wheels = [
    { url = "https://files.pythonhosted.org/packages/48/08/15bf6b43ae9bd06f6b00ad8a91f5a8fe1069d4c9fab550a866755402724e/cffi-1.17.1-cp38-cp38-macosx_10_9_x86_64.whl", hash = "sha256:636062ea65bd0195bc012fea9321aca499c0504409f413dc88af450b57ffd03b", size = 182457, upload-time = "2024-09-04T20:44:47.892Z" },
    { url = "https://files.pythonhosted.org/packages/c2/5b/f1523dd545f92f7df468e5f653ffa4df30ac222f3c884e51e139878f1cb5/cffi-1.17.1-cp38-cp38-manylinux_2_12_i686.manylinux2010_i686.manylinux_2_17_i686.manylinux2014_i686.whl", hash = "sha256:c7eac2ef9b63c79431bc4b25f1cd649d7f061a28808cbc6c47b534bd789ef964", size = 425932, upload-time = "2024-09-04T20:44:49.491Z" },
    { url = "https://files.pythonhosted.org/packages/53/93/7e547ab4105969cc8c93b38a667b82a835dd2cc78f3a7dad6130cfd41e1d/cffi-1.17.1-cp38-cp38-manylinux_2_17_aarch64.manylinux2014_aarch64.whl", hash = "sha256:e221cf152cff04059d011ee126477f0d9588303eb57e88923578ace7baad17f9", size = 448585, upload-time = "2024-09-04T20:44:51.671Z" },
    { url = "https://files.pythonhosted.org/packages/56/c4/a308f2c332006206bb511de219efeff090e9d63529ba0a77aae72e82248b/cffi-1.17.1-cp38-cp38-manylinux_2_17_ppc64le.manylinux2014_ppc64le.whl", hash = "sha256:31000ec67d4221a71bd3f67df918b1f88f676f1c3b535a7eb473255fdc0b83fc", size = 456268, upload-time = "2024-09-04T20:44:53.51Z" },
    { url = "https://files.pythonhosted.org/packages/ca/5b/b63681518265f2f4060d2b60755c1c77ec89e5e045fc3773b72735ddaad5/cffi-1.17.1-cp38-cp38-manylinux_2_17_s390x.manylinux2014_s390x.whl", hash = "sha256:6f17be4345073b0a7b8ea599688f692ac3ef23ce28e5df79c04de519dbc4912c", size = 436592, upload-time = "2024-09-04T20:44:55.085Z" },
    { url = "https://files.pythonhosted.org/packages/bb/19/b51af9f4a4faa4a8ac5a0e5d5c2522dcd9703d07fac69da34a36c4d960d3/cffi-1.17.1-cp38-cp38-manylinux_2_17_x86_64.manylinux2014_x86_64.whl", hash = "sha256:0e2b1fac190ae3ebfe37b979cc1ce69c81f4e4fe5746bb401dca63a9062cdaf1", size = 446512, upload-time = "2024-09-04T20:44:57.135Z" },
    { url = "https://files.pythonhosted.org/packages/e2/63/2bed8323890cb613bbecda807688a31ed11a7fe7afe31f8faaae0206a9a3/cffi-1.17.1-cp38-cp38-win32.whl", hash = "sha256:7596d6620d3fa590f677e9ee430df2958d2d6d6de2feeae5b20e82c00b76fbf8", size = 171576, upload-time = "2024-09-04T20:44:58.535Z" },
    { url = "https://files.pythonhosted.org/packages/2f/70/80c33b044ebc79527447fd4fbc5455d514c3bb840dede4455de97da39b4d/cffi-1.17.1-cp38-cp38-win_amd64.whl", hash = "sha256:78122be759c3f8a014ce010908ae03364d00a1f81ab5c7f4a7a5120607ea56e1", size = 181229, upload-time = "2024-09-04T20:44:59.963Z" },
]

[[package]]
name = "cryptography"
version = "47.0.0"
source = { registry = "https://pypi.org/simple" }
dependencies = [
    { name = "cffi", marker = "platform_python_implementation != 'PyPy'" },
    { name = "typing-extensions" },
]
sdist = { url = "https://files.pythonhosted.org/packages/ef/b2/7ffa7fe8207a8c42147ffe70c3e360b228160c1d85dc3faff16aaa3244c0/cryptography-47.0.0.tar.gz", hash = "sha256:9f8e55fe4e63613a5e1cc5819030f27b97742d720203a087802ce4ce9ceb52bb", size = 830863, upload-time = "2026-04-24T19:54:57.056Z" }
wheels = [
    { url = "https://files.pythonhosted.org/packages/a4/98/40dfe932134bdcae4f6ab5927c87488754bf9eb79297d7e0070b78dd58e9/cryptography-47.0.0-cp311-abi3-macosx_10_9_universal2.whl", hash = "sha256:160ad728f128972d362e714054f6ba0067cab7fb350c5202a9ae8ae4ce3ef1a0", size = 7912214, upload-time = "2026-04-24T19:53:03.864Z" },
    { url = "https://files.pythonhosted.org/packages/34/c6/2733531243fba725f58611b918056b277692f1033373dcc8bd01af1c05d4/cryptography-47.0.0-cp311-abi3-manylinux2014_aarch64.manylinux_2_17_aarch64.whl", hash = "sha256:b9a8943e359b7615db1a3ba587994618e094ff3d6fa5a390c73d079ce18b3973", size = 4644617, upload-time = "2026-04-24T19:53:06.909Z" },
    { url = "https://files.pythonhosted.org/packages/00/e3/b27be1a670a9b87f855d211cf0e1174a5d721216b7616bd52d8581d912ed/cryptography-47.0.0-cp311-abi3-manylinux2014_x86_64.manylinux_2_17_x86_64.whl", hash = "sha256:f5c15764f261394b22aef6b00252f5195f46f2ca300bec57149474e2538b31f8", size = 4668186, upload-time = "2026-04-24T19:53:09.053Z" },
    { url = "https://files.pythonhosted.org/packages/81/b9/8443cfe5d17d482d348cee7048acf502bb89a51b6382f06240fd290d4ca3/cryptography-47.0.0-cp311-abi3-manylinux_2_28_aarch64.whl", hash = "sha256:9c59ab0e0fa3a180a5a9c59f3a5abe3ef90d474bc56d7fadfbe80359491b615b", size = 4651244, upload-time = "2026-04-24T19:53:11.217Z" },
    { url = "https://files.pythonhosted.org/packages/5d/5e/13ed0cdd0eb88ba159d6dd5ebfece8cb901dbcf1ae5ac4072e28b55d3153/cryptography-47.0.0-cp311-abi3-manylinux_2_28_ppc64le.whl", hash = "sha256:34b4358b925a5ea3e14384ca781a2c0ef7ac219b57bb9eacc4457078e2b19f92", size = 5252906, upload-time = "2026-04-24T19:53:13.532Z" },
    { url = "https://files.pythonhosted.org/packages/64/16/ed058e1df0f33d440217cd120d41d5dda9dd215a80b8187f68483185af82/cryptography-47.0.0-cp311-abi3-manylinux_2_28_x86_64.whl", hash = "sha256:0024b87d47ae2399165a6bfb20d24888881eeab83ae2566d62467c5ff0030ce7", size = 4701842, upload-time = "2026-04-24T19:53:15.618Z" },
    { url = "https://files.pythonhosted.org/packages/02/e0/3d30986b30fdbd9e969abbdf8ba00ed0618615144341faeb57f395a084fe/cryptography-47.0.0-cp311-abi3-manylinux_2_31_armv7l.whl", hash = "sha256:1e47422b5557bb82d3fff997e8d92cff4e28b9789576984f08c248d2b3535d93", size = 4289313, upload-time = "2026-04-24T19:53:17.755Z" },
    { url = "https://files.pythonhosted.org/packages/df/fd/32db38e3ad0cb331f0691cb4c7a8a6f176f679124dee746b3af6633db4d9/cryptography-47.0.0-cp311-abi3-manylinux_2_34_aarch64.whl", hash = "sha256:6f29f36582e6151d9686235e586dd35bb67491f024767d10b842e520dc6a07ac", size = 4650964, upload-time = "2026-04-24T19:53:20.062Z" },
    { url = "https://files.pythonhosted.org/packages/86/53/5395d944dfd48cb1f67917f533c609c34347185ef15eb4308024c876f274/cryptography-47.0.0-cp311-abi3-manylinux_2_34_ppc64le.whl", hash = "sha256:a9b761f012a943b7de0e828843c5688d0de94a0578d44d6c85a1bae32f87791f", size = 5207817, upload-time = "2026-04-24T19:53:22.498Z" },
    { url = "https://files.pythonhosted.org/packages/34/4f/e5711b28e1901f7d480a2b1b688b645aa4c77c73f10731ed17e7f7db3f0d/cryptography-47.0.0-cp311-abi3-manylinux_2_34_x86_64.whl", hash = "sha256:4e1de79e047e25d6e9f8cea71c86b4a53aced64134f0f003bbcbf3655fd172c8", size = 4701544, upload-time = "2026-04-24T19:53:24.356Z" },
    { url = "https://files.pythonhosted.org/packages/22/22/c8ddc25de3010fc8da447648f5a092c40e7a8fadf01dd6d255d9c0b9373d/cryptography-47.0.0-cp311-abi3-musllinux_1_2_aarch64.whl", hash = "sha256:ef6b3634087f18d2155b1e8ce264e5345a753da2c5fa9815e7d41315c90f8318", size = 4783536, upload-time = "2026-04-24T19:53:26.665Z" },
    { url = "https://files.pythonhosted.org/packages/66/b6/d4a68f4ea999c6d89e8498579cba1c5fcba4276284de7773b17e4fa69293/cryptography-47.0.0-cp311-abi3-musllinux_1_2_x86_64.whl", hash = "sha256:11dbb9f50a0f1bb9757b3d8c27c1101780efb8f0bdecfb12439c22a74d64c001", size = 4926106, upload-time = "2026-04-24T19:53:28.686Z" },
    { url = "https://files.pythonhosted.org/packages/54/ed/5f524db1fade9c013aa618e1c99c6ed05e8ffc9ceee6cda22fed22dda3f4/cryptography-47.0.0-cp311-abi3-win32.whl", hash = "sha256:7fda2f02c9015db3f42bb8a22324a454516ed10a8c29ca6ece6cdbb5efe2a203", size = 3258581, upload-time = "2026-04-24T19:53:31.058Z" },
    { url = "https://files.pythonhosted.org/packages/b2/dc/1b901990b174786569029f67542b3edf72ac068b6c3c8683c17e6a2f5363/cryptography-47.0.0-cp311-abi3-win_amd64.whl", hash = "sha256:f5c3296dab66202f1b18a91fa266be93d6aa0c2806ea3d67762c69f60adc71aa", size = 3775309, upload-time = "2026-04-24T19:53:33.054Z" },
    { url = "https://files.pythonhosted.org/packages/e0/34/a4fae8ae7c3bc227460c9ae43f56abf1b911da0ec29e0ebac53bb0a4b6b7/cryptography-47.0.0-cp38-abi3-macosx_10_9_universal2.whl", hash = "sha256:14432c8a9bcb37009784f9594a62fae211a2ae9543e96c92b2a8e4c3cd5cd0c4", size = 7904072, upload-time = "2026-04-24T19:54:06.411Z" },
    { url = "https://files.pythonhosted.org/packages/01/64/d7b1e54fdb69f22d24a64bb3e88dc718b31c7fb10ef0b9691a3cf7eeea6e/cryptography-47.0.0-cp38-abi3-manylinux2014_aarch64.manylinux_2_17_aarch64.whl", hash = "sha256:07efe86201817e7d3c18781ca9770bc0db04e1e48c994be384e4602bc38f8f27", size = 4635767, upload-time = "2026-04-24T19:54:08.519Z" },
    { url = "https://files.pythonhosted.org/packages/8b/7b/cca826391fb2a94efdcdfe4631eb69306ee1cff0b22f664a412c90713877/cryptography-47.0.0-cp38-abi3-manylinux2014_x86_64.manylinux_2_17_x86_64.whl", hash = "sha256:2b45761c6ec22b7c726d6a829558777e32d0f1c8be7c3f3480f9c912d5ee8a10", size = 4654350, upload-time = "2026-04-24T19:54:10.795Z" },
    { url = "https://files.pythonhosted.org/packages/4c/65/4b57bcc823f42a991627c51c2f68c9fd6eb1393c1756aac876cba2accae2/cryptography-47.0.0-cp38-abi3-manylinux_2_28_aarch64.whl", hash = "sha256:edd4da498015da5b9f26d38d3bfc2e90257bfa9cbed1f6767c282a0025ae649b", size = 4643394, upload-time = "2026-04-24T19:54:13.275Z" },
    { url = "https://files.pythonhosted.org/packages/f4/c4/2c5fbeea70adbbca2bbae865e1d605d6a4a7f8dbd9d33eaf69645087f06c/cryptography-47.0.0-cp38-abi3-manylinux_2_28_ppc64le.whl", hash = "sha256:9af828c0d5a65c70ec729cd7495a4bf1a67ecb66417b8f02ff125ab8a6326a74", size = 5225777, upload-time = "2026-04-24T19:54:15.18Z" },
    { url = "https://files.pythonhosted.org/packages/7e/b8/ac57107ef32749d2b244e36069bb688792a363aaaa3acc9e3cf84c130315/cryptography-47.0.0-cp38-abi3-manylinux_2_28_x86_64.whl", hash = "sha256:256d07c78a04d6b276f5df935a9923275f53bd1522f214447fdf365494e2d515", size = 4688771, upload-time = "2026-04-24T19:54:17.835Z" },
    { url = "https://files.pythonhosted.org/packages/56/fc/9f1de22ff8be99d991f240a46863c52d475404c408886c5a38d2b5c3bb26/cryptography-47.0.0-cp38-abi3-manylinux_2_31_armv7l.whl", hash = "sha256:5d0e362ff51041b0c0d219cc7d6924d7b8996f57ce5712bdcef71eb3c65a59cc", size = 4270753, upload-time = "2026-04-24T19:54:19.963Z" },
    { url = "https://files.pythonhosted.org/packages/00/68/d70c852797aa68e8e48d12e5a87170c43f67bb4a59403627259dd57d15de/cryptography-47.0.0-cp38-abi3-manylinux_2_34_aarch64.whl", hash = "sha256:1581aef4219f7ca2849d0250edaa3866212fb74bf5667284f46aa92f9e65c1ca", size = 4642911, upload-time = "2026-04-24T19:54:21.818Z" },
    { url = "https://files.pythonhosted.org/packages/a5/51/661cbee74f594c5d97ff82d34f10d5551c085ca4668645f4606ebd22bd5d/cryptography-47.0.0-cp38-abi3-manylinux_2_34_ppc64le.whl", hash = "sha256:a49a3eb5341b9503fa3000a9a0db033161db90d47285291f53c2a9d2cd1b7f76", size = 5181411, upload-time = "2026-04-24T19:54:24.376Z" },
    { url = "https://files.pythonhosted.org/packages/94/87/f2b6c374a82cf076cfa1416992ac8e8ec94d79facc37aec87c1a5cb72352/cryptography-47.0.0-cp38-abi3-manylinux_2_34_x86_64.whl", hash = "sha256:2207a498b03275d0051589e326b79d4cf59985c99031b05bb292ac52631c37fe", size = 4688262, upload-time = "2026-04-24T19:54:26.946Z" },
    { url = "https://files.pythonhosted.org/packages/14/e2/8b7462f4acf21ec509616f0245018bb197194ab0b65c2ea21a0bdd53c0eb/cryptography-47.0.0-cp38-abi3-musllinux_1_2_aarch64.whl", hash = "sha256:7a02675e2fabd0c0fc04c868b8781863cbf1967691543c22f5470500ff840b31", size = 4775506, upload-time = "2026-04-24T19:54:28.926Z" },
    { url = "https://files.pythonhosted.org/packages/70/75/158e494e4c08dc05e039da5bb48553826bd26c23930cf8d3cd5f21fa8921/cryptography-47.0.0-cp38-abi3-musllinux_1_2_x86_64.whl", hash = "sha256:80887c5cbd1774683cb126f0ab4184567f080071d5acf62205acb354b4b753b7", size = 4912060, upload-time = "2026-04-24T19:54:30.869Z" },
    { url = "https://files.pythonhosted.org/packages/06/bd/0a9d3edbf5eadbac926d7b9b3cd0c4be584eeeae4a003d24d9eda4affbbd/cryptography-47.0.0-cp38-abi3-win32.whl", hash = "sha256:ed67ea4e0cfb5faa5bc7ecb6e2b8838f3807a03758eec239d6c21c8769355310", size = 3248487, upload-time = "2026-04-24T19:54:33.494Z" },
    { url = "https://files.pythonhosted.org/packages/60/80/5681af756d0da3a599b7bdb586fac5a1540f1bcefd2717a20e611ddade45/cryptography-47.0.0-cp38-abi3-win_amd64.whl", hash = "sha256:835d2d7f47cdc53b3224e90810fb1d36ca94ea29cc1801fb4c1bc43876735769", size = 3755737, upload-time = "2026-04-24T19:54:35.408Z" },
]

[[package]]
name = "jinja2"
version = "3.0.3"
source = { registry = "https://pypi.org/simple" }
dependencies = [
    { name = "markupsafe" },
]
sdist = { url = "https://files.pythonhosted.org/packages/91/a5/429efc6246119e1e3fbf562c00187d04e83e54619249eb732bb423efa6c6/Jinja2-3.0.3.tar.gz", hash = "sha256:611bb273cd68f3b993fabdc4064fc858c5b47a973cb5aa7999ec1ba405c87cd7", size = 269196, upload-time = "2021-11-09T20:27:29.541Z" }
wheels = [
    { url = "https://files.pythonhosted.org/packages/20/9a/e5d9ec41927401e41aea8af6d16e78b5e612bca4699d417f646a9610a076/Jinja2-3.0.3-py3-none-any.whl", hash = "sha256:077ce6014f7b40d03b47d1f1ca4b0fc8328a692bd284016f806ed0eaca390ad8", size = 133630, upload-time = "2021-11-09T20:27:27.116Z" },
]

[[package]]
name = "markupsafe"
version = "2.1.5"
source = { registry = "https://pypi.org/simple" }
sdist = { url = "https://files.pythonhosted.org/packages/87/5b/aae44c6655f3801e81aa3eef09dbbf012431987ba564d7231722f68df02d/MarkupSafe-2.1.5.tar.gz", hash = "sha256:d283d37a890ba4c1ae73ffadf8046435c76e7bc2247bbb63c00bd1a709c6544b", size = 19384, upload-time = "2024-02-02T16:31:22.863Z" }
wheels = [
    { url = "https://files.pythonhosted.org/packages/f8/ff/2c942a82c35a49df5de3a630ce0a8456ac2969691b230e530ac12314364c/MarkupSafe-2.1.5-cp38-cp38-macosx_10_9_universal2.whl", hash = "sha256:656f7526c69fac7f600bd1f400991cc282b417d17539a1b228617081106feb4a", size = 18192, upload-time = "2024-02-02T16:30:57.715Z" },
    { url = "https://files.pythonhosted.org/packages/4f/14/6f294b9c4f969d0c801a4615e221c1e084722ea6114ab2114189c5b8cbe0/MarkupSafe-2.1.5-cp38-cp38-macosx_10_9_x86_64.whl", hash = "sha256:97cafb1f3cbcd3fd2b6fbfb99ae11cdb14deea0736fc2b0952ee177f2b813a46", size = 14072, upload-time = "2024-02-02T16:30:58.844Z" },
    { url = "https://files.pythonhosted.org/packages/81/d4/fd74714ed30a1dedd0b82427c02fa4deec64f173831ec716da11c51a50aa/MarkupSafe-2.1.5-cp38-cp38-manylinux_2_17_aarch64.manylinux2014_aarch64.whl", hash = "sha256:1f3fbcb7ef1f16e48246f704ab79d79da8a46891e2da03f8783a5b6fa41a9532", size = 26928, upload-time = "2024-02-02T16:30:59.922Z" },
    { url = "https://files.pythonhosted.org/packages/c7/bd/50319665ce81bb10e90d1cf76f9e1aa269ea6f7fa30ab4521f14d122a3df/MarkupSafe-2.1.5-cp38-cp38-manylinux_2_17_x86_64.manylinux2014_x86_64.whl", hash = "sha256:fa9db3f79de01457b03d4f01b34cf91bc0048eb2c3846ff26f66687c2f6d16ab", size = 26106, upload-time = "2024-02-02T16:31:01.582Z" },
    { url = "https://files.pythonhosted.org/packages/4c/6f/f2b0f675635b05f6afd5ea03c094557bdb8622fa8e673387444fe8d8e787/MarkupSafe-2.1.5-cp38-cp38-manylinux_2_5_i686.manylinux1_i686.manylinux_2_17_i686.manylinux2014_i686.whl", hash = "sha256:ffee1f21e5ef0d712f9033568f8344d5da8cc2869dbd08d87c84656e6a2d2f68", size = 25781, upload-time = "2024-02-02T16:31:02.71Z" },
    { url = "https://files.pythonhosted.org/packages/51/e0/393467cf899b34a9d3678e78961c2c8cdf49fb902a959ba54ece01273fb1/MarkupSafe-2.1.5-cp38-cp38-musllinux_1_1_aarch64.whl", hash = "sha256:5dedb4db619ba5a2787a94d877bc8ffc0566f92a01c0ef214865e54ecc9ee5e0", size = 30518, upload-time = "2024-02-02T16:31:04.392Z" },
    { url = "https://files.pythonhosted.org/packages/f6/02/5437e2ad33047290dafced9df741d9efc3e716b75583bbd73a9984f1b6f7/MarkupSafe-2.1.5-cp38-cp38-musllinux_1_1_i686.whl", hash = "sha256:30b600cf0a7ac9234b2638fbc0fb6158ba5bdcdf46aeb631ead21248b9affbc4", size = 29669, upload-time = "2024-02-02T16:31:05.53Z" },
    { url = "https://files.pythonhosted.org/packages/0e/7d/968284145ffd9d726183ed6237c77938c021abacde4e073020f920e060b2/MarkupSafe-2.1.5-cp38-cp38-musllinux_1_1_x86_64.whl", hash = "sha256:8dd717634f5a044f860435c1d8c16a270ddf0ef8588d4887037c5028b859b0c3", size = 29933, upload-time = "2024-02-02T16:31:06.636Z" },
    { url = "https://files.pythonhosted.org/packages/bf/f3/ecb00fc8ab02b7beae8699f34db9357ae49d9f21d4d3de6f305f34fa949e/MarkupSafe-2.1.5-cp38-cp38-win32.whl", hash = "sha256:daa4ee5a243f0f20d528d939d06670a298dd39b1ad5f8a72a4275124a7819eff", size = 16656, upload-time = "2024-02-02T16:31:07.767Z" },
    { url = "https://files.pythonhosted.org/packages/92/21/357205f03514a49b293e214ac39de01fadd0970a6e05e4bf1ddd0ffd0881/MarkupSafe-2.1.5-cp38-cp38-win_amd64.whl", hash = "sha256:619bc166c4f2de5caa5a633b8b7326fbe98e0ccbfacabd87268a2b15ff73a029", size = 17206, upload-time = "2024-02-02T16:31:08.843Z" },
]

[[package]]
name = "packaging"
version = "26.2"
source = { registry = "https://pypi.org/simple" }
sdist = { url = "https://files.pythonhosted.org/packages/d7/f1/e7a6dd94a8d4a5626c03e4e99c87f241ba9e350cd9e6d75123f992427270/packaging-26.2.tar.gz", hash = "sha256:ff452ff5a3e828ce110190feff1178bb1f2ea2281fa2075aadb987c2fb221661", size = 228134, upload-time = "2026-04-24T20:15:23.917Z" }
wheels = [
    { url = "https://files.pythonhosted.org/packages/df/b2/87e62e8c3e2f4b32e5fe99e0b86d576da1312593b39f47d8ceef365e95ed/packaging-26.2-py3-none-any.whl", hash = "sha256:5fc45236b9446107ff2415ce77c807cee2862cb6fac22b8a73826d0693b0980e", size = 100195, upload-time = "2026-04-24T20:15:22.081Z" },
]

[[package]]
name = "paramiko"
version = "2.12.0"
source = { registry = "https://pypi.org/simple" }
dependencies = [
    { name = "bcrypt" },
    { name = "cryptography" },
    { name = "pynacl" },
    { name = "six" },
]
sdist = { url = "https://files.pythonhosted.org/packages/98/75/e78ddbe671a4a59514b59bc6a321263118e4ac3fe88175dd784d1a47a00f/paramiko-2.12.0.tar.gz", hash = "sha256:376885c05c5d6aa6e1f4608aac2a6b5b0548b1add40274477324605903d9cd49", size = 1076369, upload-time = "2022-11-04T22:33:03.53Z" }
wheels = [
    { url = "https://files.pythonhosted.org/packages/71/6d/95777fd66507106d2f8f81d005255c237187951644f85a5bd0baeec8a88f/paramiko-2.12.0-py2.py3-none-any.whl", hash = "sha256:b2df1a6325f6996ef55a8789d0462f5b502ea83b3c990cbb5bbe57345c6812c4", size = 213084, upload-time = "2022-11-04T22:33:01.793Z" },
]

[[package]]
name = "pycparser"
version = "2.23"
source = { registry = "https://pypi.org/simple" }
sdist = { url = "https://files.pythonhosted.org/packages/fe/cf/d2d3b9f5699fb1e4615c8e32ff220203e43b248e1dfcc6736ad9057731ca/pycparser-2.23.tar.gz", hash = "sha256:78816d4f24add8f10a06d6f05b4d424ad9e96cfebf68a4ddc99c65c0720d00c2", size = 173734, upload-time = "2025-09-09T13:23:47.91Z" }
wheels = [
    { url = "https://files.pythonhosted.org/packages/a0/e3/59cd50310fc9b59512193629e1984c1f95e5c8ae6e5d8c69532ccc65a7fe/pycparser-2.23-py3-none-any.whl", hash = "sha256:e5c6e8d3fbad53479cab09ac03729e0a9faf2bee3db8208a550daf5af81a5934", size = 118140, upload-time = "2025-09-09T13:23:46.651Z" },
]

[[package]]
name = "pynacl"
version = "1.6.2"
source = { registry = "https://pypi.org/simple" }
dependencies = [
    { name = "cffi", marker = "platform_python_implementation != 'PyPy'" },
]
sdist = { url = "https://files.pythonhosted.org/packages/d9/9a/4019b524b03a13438637b11538c82781a5eda427394380381af8f04f467a/pynacl-1.6.2.tar.gz", hash = "sha256:018494d6d696ae03c7e656e5e74cdfd8ea1326962cc401bcf018f1ed8436811c", size = 3511692, upload-time = "2026-01-01T17:48:10.851Z" }
wheels = [
    { url = "https://files.pythonhosted.org/packages/be/7b/4845bbf88e94586ec47a432da4e9107e3fc3ce37eb412b1398630a37f7dd/pynacl-1.6.2-cp38-abi3-macosx_10_10_universal2.whl", hash = "sha256:c949ea47e4206af7c8f604b8278093b674f7c79ed0d4719cc836902bf4517465", size = 388458, upload-time = "2026-01-01T17:32:16.829Z" },
    { url = "https://files.pythonhosted.org/packages/1e/b4/e927e0653ba63b02a4ca5b4d852a8d1d678afbf69b3dbf9c4d0785ac905c/pynacl-1.6.2-cp38-abi3-manylinux2014_aarch64.manylinux_2_17_aarch64.whl", hash = "sha256:8845c0631c0be43abdd865511c41eab235e0be69c81dc66a50911594198679b0", size = 800020, upload-time = "2026-01-01T17:32:18.34Z" },
    { url = "https://files.pythonhosted.org/packages/7f/81/d60984052df5c97b1d24365bc1e30024379b42c4edcd79d2436b1b9806f2/pynacl-1.6.2-cp38-abi3-manylinux2014_x86_64.manylinux_2_17_x86_64.whl", hash = "sha256:22de65bb9010a725b0dac248f353bb072969c94fa8d6b1f34b87d7953cf7bbe4", size = 1399174, upload-time = "2026-01-01T17:32:20.239Z" },
    { url = "https://files.pythonhosted.org/packages/68/f7/322f2f9915c4ef27d140101dd0ed26b479f7e6f5f183590fd32dfc48c4d3/pynacl-1.6.2-cp38-abi3-manylinux_2_26_aarch64.manylinux_2_28_aarch64.whl", hash = "sha256:46065496ab748469cdd999246d17e301b2c24ae2fdf739132e580a0e94c94a87", size = 835085, upload-time = "2026-01-01T17:32:22.24Z" },
    { url = "https://files.pythonhosted.org/packages/3e/d0/f301f83ac8dbe53442c5a43f6a39016f94f754d7a9815a875b65e218a307/pynacl-1.6.2-cp38-abi3-manylinux_2_26_x86_64.manylinux_2_28_x86_64.whl", hash = "sha256:8a66d6fb6ae7661c58995f9c6435bda2b1e68b54b598a6a10247bfcdadac996c", size = 1437614, upload-time = "2026-01-01T17:32:23.766Z" },
    { url = "https://files.pythonhosted.org/packages/c4/58/fc6e649762b029315325ace1a8c6be66125e42f67416d3dbd47b69563d61/pynacl-1.6.2-cp38-abi3-manylinux_2_34_aarch64.whl", hash = "sha256:26bfcd00dcf2cf160f122186af731ae30ab120c18e8375684ec2670dccd28130", size = 818251, upload-time = "2026-01-01T17:32:25.69Z" },
    { url = "https://files.pythonhosted.org/packages/c9/a8/b917096b1accc9acd878819a49d3d84875731a41eb665f6ebc826b1af99e/pynacl-1.6.2-cp38-abi3-manylinux_2_34_x86_64.whl", hash = "sha256:c8a231e36ec2cab018c4ad4358c386e36eede0319a0c41fed24f840b1dac59f6", size = 1402859, upload-time = "2026-01-01T17:32:27.215Z" },
    { url = "https://files.pythonhosted.org/packages/85/42/fe60b5f4473e12c72f977548e4028156f4d340b884c635ec6b063fe7e9a5/pynacl-1.6.2-cp38-abi3-musllinux_1_2_aarch64.whl", hash = "sha256:68be3a09455743ff9505491220b64440ced8973fe930f270c8e07ccfa25b1f9e", size = 791926, upload-time = "2026-01-01T17:32:29.314Z" },
    { url = "https://files.pythonhosted.org/packages/fa/f9/e40e318c604259301cc091a2a63f237d9e7b424c4851cafaea4ea7c4834e/pynacl-1.6.2-cp38-abi3-musllinux_1_2_x86_64.whl", hash = "sha256:8b097553b380236d51ed11356c953bf8ce36a29a3e596e934ecabe76c985a577", size = 1363101, upload-time = "2026-01-01T17:32:31.263Z" },
    { url = "https://files.pythonhosted.org/packages/48/47/e761c254f410c023a469284a9bc210933e18588ca87706ae93002c05114c/pynacl-1.6.2-cp38-abi3-win32.whl", hash = "sha256:5811c72b473b2f38f7e2a3dc4f8642e3a3e9b5e7317266e4ced1fba85cae41aa", size = 227421, upload-time = "2026-01-01T17:32:33.076Z" },
    { url = "https://files.pythonhosted.org/packages/41/ad/334600e8cacc7d86587fe5f565480fde569dfb487389c8e1be56ac21d8ac/pynacl-1.6.2-cp38-abi3-win_amd64.whl", hash = "sha256:62985f233210dee6548c223301b6c25440852e13d59a8b81490203c3227c5ba0", size = 239754, upload-time = "2026-01-01T17:32:34.557Z" },
    { url = "https://files.pythonhosted.org/packages/29/7d/5945b5af29534641820d3bd7b00962abbbdfee84ec7e19f0d5b3175f9a31/pynacl-1.6.2-cp38-abi3-win_arm64.whl", hash = "sha256:834a43af110f743a754448463e8fd61259cd4ab5bbedcf70f9dabad1d28a394c", size = 184801, upload-time = "2026-01-01T17:32:36.309Z" },
]

[[package]]
name = "pyyaml"
version = "6.0.3"
source = { registry = "https://pypi.org/simple" }
sdist = { url = "https://files.pythonhosted.org/packages/05/8e/961c0007c59b8dd7729d542c61a4d537767a59645b82a0b521206e1e25c2/pyyaml-6.0.3.tar.gz", hash = "sha256:d76623373421df22fb4cf8817020cbb7ef15c725b9d5e45f17e189bfc384190f", size = 130960, upload-time = "2025-09-25T21:33:16.546Z" }
wheels = [
    { url = "https://files.pythonhosted.org/packages/0d/a2/09f67a3589cb4320fb5ce90d3fd4c9752636b8b6ad8f34b54d76c5a54693/PyYAML-6.0.3-cp38-cp38-macosx_10_13_x86_64.whl", hash = "sha256:c2514fceb77bc5e7a2f7adfaa1feb2fb311607c9cb518dbc378688ec73d8292f", size = 186824, upload-time = "2025-09-29T20:27:35.918Z" },
    { url = "https://files.pythonhosted.org/packages/02/72/d972384252432d57f248767556ac083793292a4adf4e2d85dfe785ec2659/PyYAML-6.0.3-cp38-cp38-manylinux2014_aarch64.manylinux_2_17_aarch64.manylinux_2_28_aarch64.whl", hash = "sha256:9c57bb8c96f6d1808c030b1687b9b5fb476abaa47f0db9c0101f5e9f394e97f4", size = 795069, upload-time = "2025-09-29T20:27:38.15Z" },
    { url = "https://files.pythonhosted.org/packages/a7/3b/6c58ac0fa7c4e1b35e48024eb03d00817438310447f93ef4431673c24138/PyYAML-6.0.3-cp38-cp38-manylinux2014_s390x.manylinux_2_17_s390x.manylinux_2_28_s390x.whl", hash = "sha256:efd7b85f94a6f21e4932043973a7ba2613b059c4a000551892ac9f1d11f5baf3", size = 862585, upload-time = "2025-09-29T20:27:39.715Z" },
    { url = "https://files.pythonhosted.org/packages/25/a2/b725b61ac76a75583ae7104b3209f75ea44b13cfd026aa535ece22b7f22e/PyYAML-6.0.3-cp38-cp38-manylinux2014_x86_64.manylinux_2_17_x86_64.manylinux_2_28_x86_64.whl", hash = "sha256:22ba7cfcad58ef3ecddc7ed1db3409af68d023b7f940da23c6c2a1890976eda6", size = 806018, upload-time = "2025-09-29T20:27:41.444Z" },
    { url = "https://files.pythonhosted.org/packages/6f/b0/b2227677b2d1036d84f5ee95eb948e7af53d59fe3e4328784e4d290607e0/PyYAML-6.0.3-cp38-cp38-musllinux_1_2_x86_64.whl", hash = "sha256:6344df0d5755a2c9a276d4473ae6b90647e216ab4757f8426893b5dd2ac3f369", size = 802822, upload-time = "2025-09-29T20:27:42.885Z" },
    { url = "https://files.pythonhosted.org/packages/99/a5/718a8ea22521e06ef19f91945766a892c5ceb1855df6adbde67d997ea7ed/PyYAML-6.0.3-cp38-cp38-win32.whl", hash = "sha256:3ff07ec89bae51176c0549bc4c63aa6202991da2d9a6129d7aef7f1407d3f295", size = 143744, upload-time = "2025-09-29T20:27:44.487Z" },
    { url = "https://files.pythonhosted.org/packages/76/b2/2b69cee94c9eb215216fc05778675c393e3aa541131dc910df8e52c83776/PyYAML-6.0.3-cp38-cp38-win_amd64.whl", hash = "sha256:5cf4e27da7e3fbed4d6c3d8e797387aaad68102272f8f9752883bc32d61cb87b", size = 160082, upload-time = "2025-09-29T20:27:46.049Z" },
]

[[package]]
name = "resolvelib"
version = "0.8.1"
source = { registry = "https://pypi.org/simple" }
sdist = { url = "https://files.pythonhosted.org/packages/ac/20/9541749d77aebf66dd92e2b803f38a50e3a5c76e7876f45eb2b37e758d82/resolvelib-0.8.1.tar.gz", hash = "sha256:c6ea56732e9fb6fca1b2acc2ccc68a0b6b8c566d8f3e78e0443310ede61dbd37", size = 17308, upload-time = "2021-10-11T21:08:11.457Z" }
wheels = [
    { url = "https://files.pythonhosted.org/packages/98/c0/46cfa3f56e43033b705965120058c018375600fa8fdb44c4e53d75820673/resolvelib-0.8.1-py2.py3-none-any.whl", hash = "sha256:d9b7907f055c3b3a2cfc56c914ffd940122915826ff5fb5b1de0c99778f4de98", size = 16113, upload-time = "2021-10-11T21:08:08.576Z" },
]

[[package]]
name = "six"
version = "1.17.0"
source = { registry = "https://pypi.org/simple" }
sdist = { url = "https://files.pythonhosted.org/packages/94/e7/b2c673351809dca68a0e064b6af791aa332cf192da575fd474ed7d6f16a2/six-1.17.0.tar.gz", hash = "sha256:ff70335d468e7eb6ec65b95b99d3a2836546063f63acc5171de367e834932a81", size = 34031, upload-time = "2024-12-04T17:35:28.174Z" }
wheels = [
    { url = "https://files.pythonhosted.org/packages/b7/ce/149a00dd41f10bc29e5921b496af8b574d8413afcd5e30dfa0ed46c2cc5e/six-1.17.0-py2.py3-none-any.whl", hash = "sha256:4721f391ed90541fddacab5acf947aa0d3dc7d27b2e1e8eda2be8970586c3274", size = 11050, upload-time = "2024-12-04T17:35:26.475Z" },
]

[[package]]
name = "typing-extensions"
version = "4.13.2"
source = { registry = "https://pypi.org/simple" }
sdist = { url = "https://files.pythonhosted.org/packages/f6/37/23083fcd6e35492953e8d2aaaa68b860eb422b34627b13f2ce3eb6106061/typing_extensions-4.13.2.tar.gz", hash = "sha256:e6c81219bd689f51865d9e372991c540bda33a0379d5573cddb9a3a23f7caaef", size = 106967, upload-time = "2025-04-10T14:19:05.416Z" }
wheels = [
    { url = "https://files.pythonhosted.org/packages/8b/54/b1ae86c0973cc6f0210b53d508ca3641fb6d0c56823f288d108bc7ab3cc8/typing_extensions-4.13.2-py3-none-any.whl", hash = "sha256:a439e7c04b49fec3e5d3e2beaa21755cadbbdc391694e28ccdd36ca4a1408f8c", size = 45806, upload-time = "2025-04-10T14:19:03.967Z" },
]
